
Microsoft Visual Studio Solution File, Format Version 12.00
Project("{FAE04EC0-301F-11D3-BF4B-00C04F79EFBC}") = "Exercicio1", "Exercicio1\Exercicio1.csproj", "{6D453702-0C1D-4B9F-8C02-D1F0A290562F}"
EndProject
Project("{FAE04EC0-301F-11D3-BF4B-00C04F79EFBC}") = "Exercicio2", "Exercicio2\Exercicio2.csproj", "{80A5EE09-930E-475E-B2BC-A75A347727F5}"
EndProject
Project("{FAE04EC0-301F-11D3-BF4B-00C04F79EFBC}") = "Exercicio3", "Exercicio3\Exercicio3.csproj", "{09BE0287-FD5D-46DF-B875-6F82F3A9BA7E}"
EndProject
Project("{FAE04EC0-301F-11D3-BF4B-00C04F79EFBC}") = "Exercicio4", "Exercicio4\Exercicio4.csproj", "{E5AB0341-D5BA-4AFC-A6A9-051D04477390}"
EndProject
Project("{FAE04EC0-301F-11D3-BF4B-00C04F79EFBC}") = "Exercicio5", "Exercicio5\Exercicio5.csproj", "{8913A81E-E5E9-4603-BC41-F0082E9F403A}"
EndProject
Project("{FAE04EC0-301F-11D3-BF4B-00C04F79EFBC}") = "Exercicio6", "Exercicio6\Exercicio6.csproj", "{ED3083E3-48C4-4F6C-ADAD-B1C632090437}"
EndProject
Project("{FAE04EC0-301F-11D3-BF4B-00C04F79EFBC}") = "Exercicio7", "Exercicio7\Exercicio7.csproj", "{29A1DEEF-724F-420D-B823-F95BD260AD84}"
EndProject
Project("{FAE04EC0-301F-11D3-BF4B-00C04F79EFBC}") = "Exercicio8", "Exercicio8\Exercicio8.csproj", "{7380308F-1C60-4D24-B78D-00CF890740F6}"
EndProject
Project("{FAE04EC0-301F-11D3-BF4B-00C04F79EFBC}") = "Exercicio9", "Exercicio9\Exercicio9.csproj", "{DCB6F1A1-0608-4409-B759-83BB5FACDDAE}"
EndProject
Project("{FAE04EC0-301F-11D3-BF4B-00C04F79EFBC}") = "Exercicio10", "Exercicio10\Exercicio10.csproj", "{2A738F83-B26C-4C26-A4C1-B6F2599C99C2}"
EndProject
Project("{FAE04EC0-301F-11D3-BF4B-00C04F79EFBC}") = "Exercicio11", "Exercicio11\Exercicio11.csproj", "{BCD6CCE9-0F46-4F75-A39C-E91B7CB926E0}"
EndProject
Project("{FAE04EC0-301F-11D3-BF4B-00C04F79EFBC}") = "Exercicio12", "Exercicio12\Exercicio12.csproj", "{0D119506-47F4-4F4A-87B7-1EF9B16AF1CF}"
EndProject
Project("{FAE04EC0-301F-11D3-BF4B-00C04F79EFBC}") = "Exercicio13", "Exercicio13\Exercicio13.csproj", "{975D3C41-88D1-4405-BF83-73F468B82615}"
EndProject
Project("{FAE04EC0-301F-11D3-BF4B-00C04F79EFBC}") = "Exercicio14", "Exercicio14\Exercicio14.csproj", "{3C141D64-842E-4589-8718-93D8C8A0A2E6}"
EndProject
Project("{FAE04EC0-301F-11D3-BF4B-00C04F79EFBC}") = "Exercicio15", "Exercicio15\Exercicio15.csproj", "{F30E38BE-DB44-4FE8-B199-E7C828FEE49E}"
EndProject
Global
	GlobalSection(SolutionConfigurationPlatforms) = preSolution
		Debug|Any CPU = Debug|Any CPU
		Release|Any CPU = Release|Any CPU
	EndGlobalSection
	GlobalSection(ProjectConfigurationPlatforms) = postSolution
		{6D453702-0C1D-4B9F-8C02-D1F0A290562F}.Debug|Any CPU.ActiveCfg = Debug|Any CPU
		{6D453702-0C1D-4B9F-8C02-D1F0A290562F}.Debug|Any CPU.Build.0 = Debug|Any CPU
		{6D453702-0C1D-4B9F-8C02-D1F0A290562F}.Release|Any CPU.ActiveCfg = Release|Any CPU
		{6D453702-0C1D-4B9F-8C02-D1F0A290562F}.Release|Any CPU.Build.0 = Release|Any CPU
		{80A5EE09-930E-475E-B2BC-A75A347727F5}.Debug|Any CPU.ActiveCfg = Debug|Any CPU
		{80A5EE09-930E-475E-B2BC-A75A347727F5}.Debug|Any CPU.Build.0 = Debug|Any CPU
		{80A5EE09-930E-475E-B2BC-A75A347727F5}.Release|Any CPU.ActiveCfg = Release|Any CPU
		{80A5EE09-930E-475E-B2BC-A75A347727F5}.Release|Any CPU.Build.0 = Release|Any CPU
		{09BE0287-FD5D-46DF-B875-6F82F3A9BA7E}.Debug|Any CPU.ActiveCfg = Debug|Any CPU
		{09BE0287-FD5D-46DF-B875-6F82F3A9BA7E}.Debug|Any CPU.Build.0 = Debug|Any CPU
		{09BE0287-FD5D-46DF-B875-6F82F3A9BA7E}.Release|Any CPU.ActiveCfg = Release|Any CPU
		{09BE0287-FD5D-46DF-B875-6F82F3A9BA7E}.Release|Any CPU.Build.0 = Release|Any CPU
		{E5AB0341-D5BA-4AFC-A6A9-051D04477390}.Debug|Any CPU.ActiveCfg = Debug|Any CPU
		{E5AB0341-D5BA-4AFC-A6A9-051D04477390}.Debug|Any CPU.Build.0 = Debug|Any CPU
		{E5AB0341-D5BA-4AFC-A6A9-051D04477390}.Release|Any CPU.ActiveCfg = Release|Any CPU
		{E5AB0341-D5BA-4AFC-A6A9-051D04477390}.Release|Any CPU.Build.0 = Release|Any CPU
		{8913A81E-E5E9-4603-BC41-F0082E9F403A}.Debug|Any CPU.ActiveCfg = Debug|Any CPU
		{8913A81E-E5E9-4603-BC41-F0082E9F403A}.Debug|Any CPU.Build.0 = Debug|Any CPU
		{8913A81E-E5E9-4603-BC41-F0082E9F403A}.Release|Any CPU.ActiveCfg = Release|Any CPU
		{8913A81E-E5E9-4603-BC41-F0082E9F403A}.Release|Any CPU.Build.0 = Release|Any CPU
		{ED3083E3-48C4-4F6C-ADAD-B1C632090437}.Debug|Any CPU.ActiveCfg = Debug|Any CPU
		{ED3083E3-48C4-4F6C-ADAD-B1C632090437}.Debug|Any CPU.Build.0 = Debug|Any CPU
		{ED3083E3-48C4-4F6C-ADAD-B1C632090437}.Release|Any CPU.ActiveCfg = Release|Any CPU
		{ED3083E3-48C4-4F6C-ADAD-B1C632090437}.Release|Any CPU.Build.0 = Release|Any CPU
		{29A1DEEF-724F-420D-B823-F95BD260AD84}.Debug|Any CPU.ActiveCfg = Debug|Any CPU
		{29A1DEEF-724F-420D-B823-F95BD260AD84}.Debug|Any CPU.Build.0 = Debug|Any CPU
		{29A1DEEF-724F-420D-B823-F95BD260AD84}.Release|Any CPU.ActiveCfg = Release|Any CPU
		{29A1DEEF-724F-420D-B823-F95BD260AD84}.Release|Any CPU.Build.0 = Release|Any CPU
		{7380308F-1C60-4D24-B78D-00CF890740F6}.Debug|Any CPU.ActiveCfg = Debug|Any CPU
		{7380308F-1C60-4D24-B78D-00CF890740F6}.Debug|Any CPU.Build.0 = Debug|Any CPU
		{7380308F-1C60-4D24-B78D-00CF890740F6}.Release|Any CPU.ActiveCfg = Release|Any CPU
		{7380308F-1C60-4D24-B78D-00CF890740F6}.Release|Any CPU.Build.0 = Release|Any CPU
		{DCB6F1A1-0608-4409-B759-83BB5FACDDAE}.Debug|Any CPU.ActiveCfg = Debug|Any CPU
		{DCB6F1A1-0608-4409-B759-83BB5FACDDAE}.Debug|Any CPU.Build.0 = Debug|Any CPU
		{DCB6F1A1-0608-4409-B759-83BB5FACDDAE}.Release|Any CPU.ActiveCfg = Release|Any CPU
		{DCB6F1A1-0608-4409-B759-83BB5FACDDAE}.Release|Any CPU.Build.0 = Release|Any CPU
		{2A738F83-B26C-4C26-A4C1-B6F2599C99C2}.Debug|Any CPU.ActiveCfg = Debug|Any CPU
		{2A738F83-B26C-4C26-A4C1-B6F2599C99C2}.Debug|Any CPU.Build.0 = Debug|Any CPU
		{2A738F83-B26C-4C26-A4C1-B6F2599C99C2}.Release|Any CPU.ActiveCfg = Release|Any CPU
		{2A738F83-B26C-4C26-A4C1-B6F2599C99C2}.Release|Any CPU.Build.0 = Release|Any CPU
		{BCD6CCE9-0F46-4F75-A39C-E91B7CB926E0}.Debug|Any CPU.ActiveCfg = Debug|Any CPU
		{BCD6CCE9-0F46-4F75-A39C-E91B7CB926E0}.Debug|Any CPU.Build.0 = Debug|Any CPU
		{BCD6CCE9-0F46-4F75-A39C-E91B7CB926E0}.Release|Any CPU.ActiveCfg = Release|Any CPU
		{BCD6CCE9-0F46-4F75-A39C-E91B7CB926E0}.Release|Any CPU.Build.0 = Release|Any CPU
		{0D119506-47F4-4F4A-87B7-1EF9B16AF1CF}.Debug|Any CPU.ActiveCfg = Debug|Any CPU
		{0D119506-47F4-4F4A-87B7-1EF9B16AF1CF}.Debug|Any CPU.Build.0 = Debug|Any CPU
		{0D119506-47F4-4F4A-87B7-1EF9B16AF1CF}.Release|Any CPU.ActiveCfg = Release|Any CPU
		{0D119506-47F4-4F4A-87B7-1EF9B16AF1CF}.Release|Any CPU.Build.0 = Release|Any CPU
		{975D3C41-88D1-4405-BF83-73F468B82615}.Debug|Any CPU.ActiveCfg = Debug|Any CPU
		{975D3C41-88D1-4405-BF83-73F468B82615}.Debug|Any CPU.Build.0 = Debug|Any CPU
		{975D3C41-88D1-4405-BF83-73F468B82615}.Release|Any CPU.ActiveCfg = Release|Any CPU
		{975D3C41-88D1-4405-BF83-73F468B82615}.Release|Any CPU.Build.0 = Release|Any CPU
		{3C141D64-842E-4589-8718-93D8C8A0A2E6}.Debug|Any CPU.ActiveCfg = Debug|Any CPU
		{3C141D64-842E-4589-8718-93D8C8A0A2E6}.Debug|Any CPU.Build.0 = Debug|Any CPU
		{3C141D64-842E-4589-8718-93D8C8A0A2E6}.Release|Any CPU.ActiveCfg = Release|Any CPU
		{3C141D64-842E-4589-8718-93D8C8A0A2E6}.Release|Any CPU.Build.0 = Release|Any CPU
		{F30E38BE-DB44-4FE8-B199-E7C828FEE49E}.Debug|Any CPU.ActiveCfg = Debug|Any CPU
		{F30E38BE-DB44-4FE8-B199-E7C828FEE49E}.Debug|Any CPU.Build.0 = Debug|Any CPU
		{F30E38BE-DB44-4FE8-B199-E7C828FEE49E}.Release|Any CPU.ActiveCfg = Release|Any CPU
		{F30E38BE-DB44-4FE8-B199-E7C828FEE49E}.Release|Any CPU.Build.0 = Release|Any CPU
	EndGlobalSection
EndGlobal
